
Microsoft Visual Studio Solution File, Format Version 12.00
# Visual Studio Version 16
VisualStudioVersion = 16.0.29318.209
MinimumVisualStudioVersion = 10.0.40219.1
Project("{9A19103F-16F7-4668-BE54-9A1E7A4F7556}") = "Client", "Client\Client.csproj", "{79443CAF-C9CC-4EBD-996E-B711C7709ED0}"
EndProject
Project("{8BC9CEB8-8B4A-11D0-8D11-00A0C91BC942}") = "SysDVR-module", "sysmodule\sys-VStream.vcxproj", "{4C556D1E-0F9A-4879-8424-F4DD216F765F}"
EndProject
Project("{FAE04EC0-301F-11D3-BF4B-00C04F79EFBC}") = "ClientGUI", "ClientGUI\ClientGUI.csproj", "{EDF194B2-F484-425F-9BF9-357CF9BF065A}"
	ProjectSection(ProjectDependencies) = postProject
		{79443CAF-C9CC-4EBD-996E-B711C7709ED0} = {79443CAF-C9CC-4EBD-996E-B711C7709ED0}
	EndProjectSection
EndProject
Project("{8BC9CEB8-8B4A-11D0-8D11-00A0C91BC942}") = "SysDVR-conf", "SysDVRConfig\SysDVR-conf.vcxproj", "{C1F4E078-6C37-42FA-AC47-07128598B1BE}"
EndProject
Project("{FAE04EC0-301F-11D3-BF4B-00C04F79EFBC}") = "RTSP", "SharpRTSP\RTSP\RTSP.csproj", "{0AD96152-EB0C-4F31-B4F4-583CE88A5046}"
EndProject
Global
	GlobalSection(SolutionConfigurationPlatforms) = preSolution
		Debug USB_ONLY|Any CPU = Debug USB_ONLY|Any CPU
		Debug USB_ONLY|x64 = Debug USB_ONLY|x64
		Debug USB_ONLY|x86 = Debug USB_ONLY|x86
		Debug|Any CPU = Debug|Any CPU
		Debug|x64 = Debug|x64
		Debug|x86 = Debug|x86
		Release|Any CPU = Release|Any CPU
		Release|x64 = Release|x64
		Release|x86 = Release|x86
	EndGlobalSection
	GlobalSection(ProjectConfigurationPlatforms) = postSolution
		{79443CAF-C9CC-4EBD-996E-B711C7709ED0}.Debug USB_ONLY|Any CPU.ActiveCfg = Debug|Any CPU
		{79443CAF-C9CC-4EBD-996E-B711C7709ED0}.Debug USB_ONLY|Any CPU.Build.0 = Debug|Any CPU
		{79443CAF-C9CC-4EBD-996E-B711C7709ED0}.Debug USB_ONLY|x64.ActiveCfg = Debug|Any CPU
		{79443CAF-C9CC-4EBD-996E-B711C7709ED0}.Debug USB_ONLY|x64.Build.0 = Debug|Any CPU
		{79443CAF-C9CC-4EBD-996E-B711C7709ED0}.Debug USB_ONLY|x86.ActiveCfg = Debug|x86
		{79443CAF-C9CC-4EBD-996E-B711C7709ED0}.Debug USB_ONLY|x86.Build.0 = Debug|x86
		{79443CAF-C9CC-4EBD-996E-B711C7709ED0}.Debug|Any CPU.ActiveCfg = Debug|Any CPU
		{79443CAF-C9CC-4EBD-996E-B711C7709ED0}.Debug|Any CPU.Build.0 = Debug|Any CPU
		{79443CAF-C9CC-4EBD-996E-B711C7709ED0}.Debug|x64.ActiveCfg = Debug|Any CPU
		{79443CAF-C9CC-4EBD-996E-B711C7709ED0}.Debug|x64.Build.0 = Debug|Any CPU
		{79443CAF-C9CC-4EBD-996E-B711C7709ED0}.Debug|x86.ActiveCfg = Debug|x86
		{79443CAF-C9CC-4EBD-996E-B711C7709ED0}.Debug|x86.Build.0 = Debug|x86
		{79443CAF-C9CC-4EBD-996E-B711C7709ED0}.Release|Any CPU.ActiveCfg = Release|Any CPU
		{79443CAF-C9CC-4EBD-996E-B711C7709ED0}.Release|Any CPU.Build.0 = Release|Any CPU
		{79443CAF-C9CC-4EBD-996E-B711C7709ED0}.Release|x64.ActiveCfg = Release|Any CPU
		{79443CAF-C9CC-4EBD-996E-B711C7709ED0}.Release|x64.Build.0 = Release|Any CPU
		{79443CAF-C9CC-4EBD-996E-B711C7709ED0}.Release|x86.ActiveCfg = Release|x86
		{79443CAF-C9CC-4EBD-996E-B711C7709ED0}.Release|x86.Build.0 = Release|x86
		{4C556D1E-0F9A-4879-8424-F4DD216F765F}.Debug USB_ONLY|Any CPU.ActiveCfg = Debug USB_ONLY|Win32
		{4C556D1E-0F9A-4879-8424-F4DD216F765F}.Debug USB_ONLY|x64.ActiveCfg = Debug USB_ONLY|Win32
		{4C556D1E-0F9A-4879-8424-F4DD216F765F}.Debug USB_ONLY|x86.ActiveCfg = Debug USB_ONLY|Win32
		{4C556D1E-0F9A-4879-8424-F4DD216F765F}.Debug|Any CPU.ActiveCfg = Debug|Win32
		{4C556D1E-0F9A-4879-8424-F4DD216F765F}.Debug|x64.ActiveCfg = Debug|Win32
		{4C556D1E-0F9A-4879-8424-F4DD216F765F}.Debug|x86.ActiveCfg = Debug|Win32
		{4C556D1E-0F9A-4879-8424-F4DD216F765F}.Debug|x86.Build.0 = Debug|Win32
		{4C556D1E-0F9A-4879-8424-F4DD216F765F}.Release|Any CPU.ActiveCfg = Debug|Win32
		{4C556D1E-0F9A-4879-8424-F4DD216F765F}.Release|x64.ActiveCfg = Debug|Win32
		{4C556D1E-0F9A-4879-8424-F4DD216F765F}.Release|x64.Build.0 = Debug|Win32
		{4C556D1E-0F9A-4879-8424-F4DD216F765F}.Release|x86.ActiveCfg = Debug|Win32
		{4C556D1E-0F9A-4879-8424-F4DD216F765F}.Release|x86.Build.0 = Debug|Win32
		{EDF194B2-F484-425F-9BF9-357CF9BF065A}.Debug USB_ONLY|Any CPU.ActiveCfg = Debug|Any CPU
		{EDF194B2-F484-425F-9BF9-357CF9BF065A}.Debug USB_ONLY|Any CPU.Build.0 = Debug|Any CPU
		{EDF194B2-F484-425F-9BF9-357CF9BF065A}.Debug USB_ONLY|x64.ActiveCfg = Debug|Any CPU
		{EDF194B2-F484-425F-9BF9-357CF9BF065A}.Debug USB_ONLY|x64.Build.0 = Debug|Any CPU
		{EDF194B2-F484-425F-9BF9-357CF9BF065A}.Debug USB_ONLY|x86.ActiveCfg = Debug|Any CPU
		{EDF194B2-F484-425F-9BF9-357CF9BF065A}.Debug USB_ONLY|x86.Build.0 = Debug|Any CPU
		{EDF194B2-F484-425F-9BF9-357CF9BF065A}.Debug|Any CPU.ActiveCfg = Debug|Any CPU
		{EDF194B2-F484-425F-9BF9-357CF9BF065A}.Debug|Any CPU.Build.0 = Debug|Any CPU
		{EDF194B2-F484-425F-9BF9-357CF9BF065A}.Debug|x64.ActiveCfg = Debug|Any CPU
		{EDF194B2-F484-425F-9BF9-357CF9BF065A}.Debug|x64.Build.0 = Debug|Any CPU
		{EDF194B2-F484-425F-9BF9-357CF9BF065A}.Debug|x86.ActiveCfg = Debug|Any CPU
		{EDF194B2-F484-425F-9BF9-357CF9BF065A}.Debug|x86.Build.0 = Debug|Any CPU
		{EDF194B2-F484-425F-9BF9-357CF9BF065A}.Release|Any CPU.ActiveCfg = Release|Any CPU
		{EDF194B2-F484-425F-9BF9-357CF9BF065A}.Release|Any CPU.Build.0 = Release|Any CPU
		{EDF194B2-F484-425F-9BF9-357CF9BF065A}.Release|x64.ActiveCfg = Release|Any CPU
		{EDF194B2-F484-425F-9BF9-357CF9BF065A}.Release|x64.Build.0 = Release|Any CPU
		{EDF194B2-F484-425F-9BF9-357CF9BF065A}.Release|x86.ActiveCfg = Release|Any CPU
		{EDF194B2-F484-425F-9BF9-357CF9BF065A}.Release|x86.Build.0 = Release|Any CPU
		{C1F4E078-6C37-42FA-AC47-07128598B1BE}.Debug USB_ONLY|Any CPU.ActiveCfg = Debug|Win32
		{C1F4E078-6C37-42FA-AC47-07128598B1BE}.Debug USB_ONLY|x64.ActiveCfg = Debug|Win32
		{C1F4E078-6C37-42FA-AC47-07128598B1BE}.Debug USB_ONLY|x64.Build.0 = Debug|Win32
		{C1F4E078-6C37-42FA-AC47-07128598B1BE}.Debug USB_ONLY|x86.ActiveCfg = Debug|Win32
		{C1F4E078-6C37-42FA-AC47-07128598B1BE}.Debug USB_ONLY|x86.Build.0 = Debug|Win32
		{C1F4E078-6C37-42FA-AC47-07128598B1BE}.Debug|Any CPU.ActiveCfg = Debug|Win32
		{C1F4E078-6C37-42FA-AC47-07128598B1BE}.Debug|x64.ActiveCfg = Debug|Win32
		{C1F4E078-6C37-42FA-AC47-07128598B1BE}.Debug|x86.ActiveCfg = Debug|Win32
		{C1F4E078-6C37-42FA-AC47-07128598B1BE}.Debug|x86.Build.0 = Debug|Win32
		{C1F4E078-6C37-42FA-AC47-07128598B1BE}.Release|Any CPU.ActiveCfg = Debug|Win32
		{C1F4E078-6C37-42FA-AC47-07128598B1BE}.Release|x64.ActiveCfg = Debug|Win32
		{C1F4E078-6C37-42FA-AC47-07128598B1BE}.Release|x64.Build.0 = Debug|Win32
		{C1F4E078-6C37-42FA-AC47-07128598B1BE}.Release|x86.ActiveCfg = Debug|Win32
		{C1F4E078-6C37-42FA-AC47-07128598B1BE}.Release|x86.Build.0 = Debug|Win32
		{0AD96152-EB0C-4F31-B4F4-583CE88A5046}.Debug USB_ONLY|Any CPU.ActiveCfg = Debug|Any CPU
		{0AD96152-EB0C-4F31-B4F4-583CE88A5046}.Debug USB_ONLY|x64.ActiveCfg = Debug|Any CPU
		{0AD96152-EB0C-4F31-B4F4-583CE88A5046}.Debug USB_ONLY|x64.Build.0 = Debug|Any CPU
		{0AD96152-EB0C-4F31-B4F4-583CE88A5046}.Debug USB_ONLY|x86.ActiveCfg = Debug|Any CPU
		{0AD96152-EB0C-4F31-B4F4-583CE88A5046}.Debug USB_ONLY|x86.Build.0 = Debug|Any CPU
		{0AD96152-EB0C-4F31-B4F4-583CE88A5046}.Debug|Any CPU.ActiveCfg = Debug|Any CPU
		{0AD96152-EB0C-4F31-B4F4-583CE88A5046}.Debug|Any CPU.Build.0 = Debug|Any CPU
		{0AD96152-EB0C-4F31-B4F4-583CE88A5046}.Debug|x64.ActiveCfg = Debug|Any CPU
		{0AD96152-EB0C-4F31-B4F4-583CE88A5046}.Debug|x64.Build.0 = Debug|Any CPU
		{0AD96152-EB0C-4F31-B4F4-583CE88A5046}.Debug|x86.ActiveCfg = Debug|Any CPU
		{0AD96152-EB0C-4F31-B4F4-583CE88A5046}.Debug|x86.Build.0 = Debug|Any CPU
		{0AD96152-EB0C-4F31-B4F4-583CE88A5046}.Release|Any CPU.ActiveCfg = Release|Any CPU
		{0AD96152-EB0C-4F31-B4F4-583CE88A5046}.Release|Any CPU.Build.0 = Release|Any CPU
		{0AD96152-EB0C-4F31-B4F4-583CE88A5046}.Release|x64.ActiveCfg = Release|Any CPU
		{0AD96152-EB0C-4F31-B4F4-583CE88A5046}.Release|x64.Build.0 = Release|Any CPU
		{0AD96152-EB0C-4F31-B4F4-583CE88A5046}.Release|x86.ActiveCfg = Release|Any CPU
		{0AD96152-EB0C-4F31-B4F4-583CE88A5046}.Release|x86.Build.0 = Release|Any CPU
	EndGlobalSection
	GlobalSection(SolutionProperties) = preSolution
		HideSolutionNode = FALSE
	EndGlobalSection
	GlobalSection(ExtensibilityGlobals) = postSolution
		SolutionGuid = {D7BD82B3-53B2-4B7A-9535-0C153910DF0F}
	EndGlobalSection
EndGlobal
