Microsoft Visual Studio Solution File, Format Version 12.00
# Visual Studio Version 17
VisualStudioVersion = 17.2.32526.322
MinimumVisualStudioVersion = 10.0.40219.1
Project("{9A19103F-16F7-4668-BE54-9A1E7A4F7556}") = "Client", "Client\Client.csproj", "{79443CAF-C9CC-4EBD-996E-B711C7709ED0}"
EndProject
Project("{8BC9CEB8-8B4A-11D0-8D11-00A0C91BC942}") = "SysDVR-module", "sysmodule\sys-VStream.vcxproj", "{4C556D1E-0F9A-4879-8424-F4DD216F765F}"
EndProject
Project("{8BC9CEB8-8B4A-11D0-8D11-00A0C91BC942}") = "SysDVR-conf", "SysDVRConfig\SysDVR-conf.vcxproj", "{377F746B-D3B8-4E14-80A4-71B7C27EC615}"
EndProject
Global
	GlobalSection(SolutionConfigurationPlatforms) = preSolution
		Debug USB_ONLY|Any CPU = Debug USB_ONLY|Any CPU
		Debug USB_ONLY|x64 = Debug USB_ONLY|x64
		Debug USB_ONLY|x86 = Debug USB_ONLY|x86
		Debug|Any CPU = Debug|Any CPU
		Debug|x64 = Debug|x64
		Debug|x86 = Debug|x86
		Release|Any CPU = Release|Any CPU
		Release|x64 = Release|x64
		Release|x86 = Release|x86
	EndGlobalSection
	GlobalSection(ProjectConfigurationPlatforms) = postSolution
		{79443CAF-C9CC-4EBD-996E-B711C7709ED0}.Debug USB_ONLY|Any CPU.ActiveCfg = Debug|Any CPU
		{79443CAF-C9CC-4EBD-996E-B711C7709ED0}.Debug USB_ONLY|Any CPU.Build.0 = Debug|Any CPU
		{79443CAF-C9CC-4EBD-996E-B711C7709ED0}.Debug USB_ONLY|x64.ActiveCfg = Debug|Any CPU
		{79443CAF-C9CC-4EBD-996E-B711C7709ED0}.Debug USB_ONLY|x64.Build.0 = Debug|Any CPU
		{79443CAF-C9CC-4EBD-996E-B711C7709ED0}.Debug USB_ONLY|x86.ActiveCfg = Debug|Any CPU
		{79443CAF-C9CC-4EBD-996E-B711C7709ED0}.Debug USB_ONLY|x86.Build.0 = Debug|Any CPU
		{79443CAF-C9CC-4EBD-996E-B711C7709ED0}.Debug|Any CPU.ActiveCfg = Debug|Any CPU
		{79443CAF-C9CC-4EBD-996E-B711C7709ED0}.Debug|Any CPU.Build.0 = Debug|Any CPU
		{79443CAF-C9CC-4EBD-996E-B711C7709ED0}.Debug|x64.ActiveCfg = Debug|Any CPU
		{79443CAF-C9CC-4EBD-996E-B711C7709ED0}.Debug|x64.Build.0 = Debug|Any CPU
		{79443CAF-C9CC-4EBD-996E-B711C7709ED0}.Debug|x86.ActiveCfg = Debug|Any CPU
		{79443CAF-C9CC-4EBD-996E-B711C7709ED0}.Debug|x86.Build.0 = Debug|Any CPU
		{79443CAF-C9CC-4EBD-996E-B711C7709ED0}.Release|Any CPU.ActiveCfg = Release|Any CPU
		{79443CAF-C9CC-4EBD-996E-B711C7709ED0}.Release|Any CPU.Build.0 = Release|Any CPU
		{79443CAF-C9CC-4EBD-996E-B711C7709ED0}.Release|x64.ActiveCfg = Release|Any CPU
		{79443CAF-C9CC-4EBD-996E-B711C7709ED0}.Release|x64.Build.0 = Release|Any CPU
		{79443CAF-C9CC-4EBD-996E-B711C7709ED0}.Release|x86.ActiveCfg = Release|Any CPU
		{79443CAF-C9CC-4EBD-996E-B711C7709ED0}.Release|x86.Build.0 = Release|Any CPU
		{4C556D1E-0F9A-4879-8424-F4DD216F765F}.Debug USB_ONLY|Any CPU.ActiveCfg = Debug USB_ONLY|Win32
		{4C556D1E-0F9A-4879-8424-F4DD216F765F}.Debug USB_ONLY|x64.ActiveCfg = Debug USB_ONLY|Win32
		{4C556D1E-0F9A-4879-8424-F4DD216F765F}.Debug USB_ONLY|x86.ActiveCfg = Debug USB_ONLY|Win32
		{4C556D1E-0F9A-4879-8424-F4DD216F765F}.Debug|Any CPU.ActiveCfg = Debug|Win32
		{4C556D1E-0F9A-4879-8424-F4DD216F765F}.Debug|x64.ActiveCfg = Debug|Win32
		{4C556D1E-0F9A-4879-8424-F4DD216F765F}.Debug|x86.ActiveCfg = Debug|Win32
		{4C556D1E-0F9A-4879-8424-F4DD216F765F}.Debug|x86.Build.0 = Debug|Win32
		{4C556D1E-0F9A-4879-8424-F4DD216F765F}.Release|Any CPU.ActiveCfg = Debug|Win32
		{4C556D1E-0F9A-4879-8424-F4DD216F765F}.Release|x64.ActiveCfg = Debug|Win32
		{4C556D1E-0F9A-4879-8424-F4DD216F765F}.Release|x64.Build.0 = Debug|Win32
		{4C556D1E-0F9A-4879-8424-F4DD216F765F}.Release|x86.ActiveCfg = Debug|Win32
		{4C556D1E-0F9A-4879-8424-F4DD216F765F}.Release|x86.Build.0 = Debug|Win32
		{377F746B-D3B8-4E14-80A4-71B7C27EC615}.Debug USB_ONLY|Any CPU.ActiveCfg = Debug|Win32
		{377F746B-D3B8-4E14-80A4-71B7C27EC615}.Debug USB_ONLY|Any CPU.Build.0 = Debug|Win32
		{377F746B-D3B8-4E14-80A4-71B7C27EC615}.Debug USB_ONLY|x64.ActiveCfg = Debug|Win32
		{377F746B-D3B8-4E14-80A4-71B7C27EC615}.Debug USB_ONLY|x64.Build.0 = Debug|Win32
		{377F746B-D3B8-4E14-80A4-71B7C27EC615}.Debug USB_ONLY|x86.ActiveCfg = Debug|Win32
		{377F746B-D3B8-4E14-80A4-71B7C27EC615}.Debug USB_ONLY|x86.Build.0 = Debug|Win32
		{377F746B-D3B8-4E14-80A4-71B7C27EC615}.Debug|Any CPU.ActiveCfg = Debug|Win32
		{377F746B-D3B8-4E14-80A4-71B7C27EC615}.Debug|Any CPU.Build.0 = Debug|Win32
		{377F746B-D3B8-4E14-80A4-71B7C27EC615}.Debug|x64.ActiveCfg = Debug|Win32
		{377F746B-D3B8-4E14-80A4-71B7C27EC615}.Debug|x86.ActiveCfg = Debug|Win32
		{377F746B-D3B8-4E14-80A4-71B7C27EC615}.Debug|x86.Build.0 = Debug|Win32
		{377F746B-D3B8-4E14-80A4-71B7C27EC615}.Release|Any CPU.ActiveCfg = Debug|Win32
		{377F746B-D3B8-4E14-80A4-71B7C27EC615}.Release|x64.ActiveCfg = Debug|Win32
		{377F746B-D3B8-4E14-80A4-71B7C27EC615}.Release|x64.Build.0 = Debug|Win32
		{377F746B-D3B8-4E14-80A4-71B7C27EC615}.Release|x86.ActiveCfg = Debug|Win32
		{377F746B-D3B8-4E14-80A4-71B7C27EC615}.Release|x86.Build.0 = Debug|Win32
	EndGlobalSection
	GlobalSection(SolutionProperties) = preSolution
		HideSolutionNode = FALSE
	EndGlobalSection
	GlobalSection(ExtensibilityGlobals) = postSolution
		SolutionGuid = {D7BD82B3-53B2-4B7A-9535-0C153910DF0F}
	EndGlobalSection
EndGlobal
