
Microsoft Visual Studio Solution File, Format Version 12.00
# Visual Studio Version 16
VisualStudioVersion = 16.0.29318.209
MinimumVisualStudioVersion = 10.0.40219.1
Project("{9A19103F-16F7-4668-BE54-9A1E7A4F7556}") = "NetStream", "NetStream\NetStream.csproj", "{CFC5F70C-A73E-429B-B55F-C50909434E2C}"
EndProject
Global
	GlobalSection(SolutionConfigurationPlatforms) = preSolution
		Debug|AnyCpu = Debug|AnyCpu
		Release|AnyCpu = Release|AnyCpu
	EndGlobalSection
	GlobalSection(ProjectConfigurationPlatforms) = postSolution
		{CFC5F70C-A73E-429B-B55F-C50909434E2C}.Debug|AnyCpu.ActiveCfg = Debug|Any CPU
		{CFC5F70C-A73E-429B-B55F-C50909434E2C}.Debug|AnyCpu.Build.0 = Debug|Any CPU
		{CFC5F70C-A73E-429B-B55F-C50909434E2C}.Release|AnyCpu.ActiveCfg = Release|x86
		{CFC5F70C-A73E-429B-B55F-C50909434E2C}.Release|AnyCpu.Build.0 = Release|x86
	EndGlobalSection
	GlobalSection(SolutionProperties) = preSolution
		HideSolutionNode = FALSE
	EndGlobalSection
	GlobalSection(ExtensibilityGlobals) = postSolution
		SolutionGuid = {4F4758E5-4730-4D09-893F-2656FF789724}
	EndGlobalSection
EndGlobal
