<?xml version="1.0" encoding="utf-8"?>
<Project ToolsVersion="4.0" xmlns="http://schemas.microsoft.com/developer/msbuild/2003">
  <ItemGroup>
    <ClCompile Include="source\main.cpp" />
    <ClCompile Include="source\UI\UI.cpp">
      <Filter>UI</Filter>
    </ClCompile>
    <ClCompile Include="source\UI\Image.cpp">
      <Filter>UI</Filter>
    </ClCompile>
    <ClCompile Include="source\UI\glad.c">
      <Filter>UI</Filter>
    </ClCompile>
    <ClCompile Include="source\UI\imgui\imgui.cpp">
      <Filter>UI\imgui</Filter>
    </ClCompile>
    <ClCompile Include="source\UI\imgui\imgui_demo.cpp">
      <Filter>UI\imgui</Filter>
    </ClCompile>
    <ClCompile Include="source\UI\imgui\imgui_draw.cpp">
      <Filter>UI\imgui</Filter>
    </ClCompile>
    <ClCompile Include="source\UI\imgui\imgui_impl_opengl3.cpp">
      <Filter>UI\imgui</Filter>
    </ClCompile>
    <ClCompile Include="source\UI\imgui\imgui_widgets.cpp">
      <Filter>UI\imgui</Filter>
    </ClCompile>
    <ClCompile Include="source\Platform\fs.cpp">
      <Filter>Platform</Filter>
    </ClCompile>
    <ClCompile Include="source\Platform\PlatformSwitch.cpp">
      <Filter>Platform</Filter>
    </ClCompile>
    <ClCompile Include="source\Platform\PlatformWin.cpp">
      <Filter>Platform</Filter>
    </ClCompile>
    <ClCompile Include="source\Platform\Windows\dirent.c">
      <Filter>Platform\Windows</Filter>
    </ClCompile>
    <ClCompile Include="source\ipc.c" />
    <ClCompile Include="source\Scenes\ScenePatches.cpp">
      <Filter>Scenes</Filter>
    </ClCompile>
    <ClCompile Include="source\Scenes\SceneGuide.cpp">
      <Filter>Scenes</Filter>
    </ClCompile>
    <ClCompile Include="source\Scenes\SceneMain.cpp">
      <Filter>Scenes</Filter>
    </ClCompile>
    <ClCompile Include="source\Libs\zip\zip.c">
      <Filter>Libs\zip</Filter>
    </ClCompile>
    <ClCompile Include="source\Scenes\SceneNoConnection.cpp">
      <Filter>Scenes</Filter>
    </ClCompile>
    <ClCompile Include="source\translaton.cpp" />
  </ItemGroup>
  <ItemGroup>
    <ClInclude Include="source\UI\UI.hpp">
      <Filter>UI</Filter>
    </ClInclude>
    <ClInclude Include="source\UI\stb_image.h">
      <Filter>UI</Filter>
    </ClInclude>
    <ClInclude Include="source\UI\Image.hpp">
      <Filter>UI</Filter>
    </ClInclude>
    <ClInclude Include="source\UI\glad.h">
      <Filter>UI</Filter>
    </ClInclude>
    <ClInclude Include="source\UI\imgui\imgui.h">
      <Filter>UI\imgui</Filter>
    </ClInclude>
    <ClInclude Include="source\UI\imgui\imconfig.h">
      <Filter>UI\imgui</Filter>
    </ClInclude>
    <ClInclude Include="source\UI\imgui\imgui_impl_opengl3.h">
      <Filter>UI\imgui</Filter>
    </ClInclude>
    <ClInclude Include="source\UI\imgui\imgui_internal.h">
      <Filter>UI\imgui</Filter>
    </ClInclude>
    <ClInclude Include="source\UI\imgui\imstb_rectpack.h">
      <Filter>UI\imgui</Filter>
    </ClInclude>
    <ClInclude Include="source\UI\imgui\imstb_textedit.h">
      <Filter>UI\imgui</Filter>
    </ClInclude>
    <ClInclude Include="source\UI\imgui\imstb_truetype.h">
      <Filter>UI\imgui</Filter>
    </ClInclude>
    <ClInclude Include="source\Platform\fs.hpp">
      <Filter>Platform</Filter>
    </ClInclude>
    <ClInclude Include="source\Platform\PlatformFs.hpp">
      <Filter>Platform</Filter>
    </ClInclude>
    <ClInclude Include="source\Platform\Platform.hpp">
      <Filter>Platform</Filter>
    </ClInclude>
    <ClInclude Include="source\Platform\Windows\dirent.h">
      <Filter>Platform\Windows</Filter>
    </ClInclude>
    <ClInclude Include="source\ipc.h" />
    <ClInclude Include="source\Scenes\Scenes.hpp">
      <Filter>Scenes</Filter>
    </ClInclude>
    <ClInclude Include="source\Scenes\Common.hpp">
      <Filter>Scenes</Filter>
    </ClInclude>
    <ClInclude Include="source\Libs\nlohmann\json.hpp">
      <Filter>Libs\nlohmann</Filter>
    </ClInclude>
    <ClInclude Include="source\Libs\zip\zip.h">
      <Filter>Libs\zip</Filter>
    </ClInclude>
    <ClInclude Include="source\Libs\zip\miniz.h">
      <Filter>Libs\zip</Filter>
    </ClInclude>
    <ClInclude Include="source\translaton.hpp" />
  </ItemGroup>
  <ItemGroup>
    <None Include="Makefile" />
    <None Include="romfs\strings\simplifiedChinese.json">
      <Filter>LanguageFiles</Filter>
    </None>
    <None Include="romfs\strings\traditionalChinese.json">
      <Filter>LanguageFiles</Filter>
    </None>
    <None Include="romfs\strings\english.json">
      <Filter>LanguageFiles</Filter>
    </None>
    <None Include="romfs\strings\italian.json">
      <Filter>LanguageFiles</Filter>
    </None>
    <None Include="romfs\strings\spanish.json">
      <Filter>LanguageFiles</Filter>
    </None>
    <None Include="romfs\strings\french.json">
      <Filter>LanguageFiles</Filter>
    </None>
    <None Include="romfs\strings\brazilianPortuguese.json">
      <Filter>LanguageFiles</Filter>
    </None>
  </ItemGroup>
  <ItemGroup>
    <Filter Include="UI">
      <UniqueIdentifier>{e4967012-92eb-45e4-a152-1d42bd5ec2cc}</UniqueIdentifier>
    </Filter>
    <Filter Include="Platform">
      <UniqueIdentifier>{11449685-2be5-4362-989d-4f3b2ee9f9c2}</UniqueIdentifier>
    </Filter>
    <Filter Include="UI\imgui">
      <UniqueIdentifier>{0bddd2d4-5e00-4b4c-b49b-6a297e4985de}</UniqueIdentifier>
    </Filter>
    <Filter Include="Platform\Windows">
      <UniqueIdentifier>{31cf3b43-bb24-4acb-87d3-d48c02902303}</UniqueIdentifier>
    </Filter>
    <Filter Include="Scenes">
      <UniqueIdentifier>{31b29572-fb14-45db-925f-60066e7153ae}</UniqueIdentifier>
    </Filter>
    <Filter Include="Libs">
      <UniqueIdentifier>{2cd141a0-327a-4084-a4be-db7642b87085}</UniqueIdentifier>
    </Filter>
    <Filter Include="Libs\nlohmann">
      <UniqueIdentifier>{47200840-678c-4399-bb24-2f42d2a935f1}</UniqueIdentifier>
    </Filter>
    <Filter Include="Libs\zip">
      <UniqueIdentifier>{a295fbc4-b423-4c0e-8ca0-55c6d9e8482f}</UniqueIdentifier>
    </Filter>
    <Filter Include="LanguageFiles">
      <UniqueIdentifier>{0e2d8fe4-22c5-4edc-8036-2093aba805f0}</UniqueIdentifier>
    </Filter>
  </ItemGroup>
</Project>