<?xml version="1.0" encoding="utf-8"?>
<Project ToolsVersion="4.0" xmlns="http://schemas.microsoft.com/developer/msbuild/2003">
  <ItemGroup>
    <None Include="sysmodule.json" />
    <None Include="Makefile" />
    <None Include="release.bat" />
  </ItemGroup>
  <ItemGroup>
    <ClCompile Include="source\main.c" />
    <ClCompile Include="source\grcd.c" />
    <ClCompile Include="source\UsbSerial.c" />
    <ClCompile Include="source\rtsp\RTSP.c">
      <Filter>rtsp</Filter>
    </ClCompile>
    <ClCompile Include="source\sockUtil.c" />
  </ItemGroup>
  <ItemGroup>
    <ClInclude Include="source\grcd.h" />
    <ClInclude Include="source\UsbSerial.h" />
    <ClInclude Include="source\rtsp\RTP.h">
      <Filter>rtsp</Filter>
    </ClInclude>
    <ClInclude Include="source\rtsp\RTSP.h">
      <Filter>rtsp</Filter>
    </ClInclude>
    <ClInclude Include="source\rtsp\H264Packetizer.h">
      <Filter>rtsp</Filter>
    </ClInclude>
    <ClInclude Include="source\rtsp\LE16Packetizer.h">
      <Filter>rtsp</Filter>
    </ClInclude>
    <ClInclude Include="source\rtsp\defines.h">
      <Filter>rtsp</Filter>
    </ClInclude>
    <ClInclude Include="source\sockUtil.h" />
  </ItemGroup>
  <ItemGroup>
    <Filter Include="rtsp">
      <UniqueIdentifier>{20070232-dcc8-443d-9fea-7690d5e1cc99}</UniqueIdentifier>
    </Filter>
  </ItemGroup>
</Project>