<?xml version="1.0" encoding="utf-8"?>
<Project ToolsVersion="4.0" xmlns="http://schemas.microsoft.com/developer/msbuild/2003">
  <ItemGroup>
    <None Include="sysmodule.json" />
    <None Include="Makefile" />
    <None Include="release.bat" />
    <None Include="cpp.nx.hint" />
  </ItemGroup>
  <ItemGroup>
    <ClCompile Include="source\main.c" />
    <ClCompile Include="source\grcd.c" />
    <ClCompile Include="source\rtsp\RTSP.c">
      <Filter>rtsp</Filter>
    </ClCompile>
    <ClCompile Include="source\sockUtil.c" />
    <ClCompile Include="source\modes\RTSPmode.c">
      <Filter>modes</Filter>
    </ClCompile>
    <ClCompile Include="source\modes\TCPmode.c">
      <Filter>modes</Filter>
    </ClCompile>
    <ClCompile Include="source\modes\USBmode.c">
      <Filter>modes</Filter>
    </ClCompile>
    <ClCompile Include="source\USB\UsbComms.c">
      <Filter>USB</Filter>
    </ClCompile>
    <ClCompile Include="source\USB\Serial.c">
      <Filter>USB</Filter>
    </ClCompile>
    <ClCompile Include="source\ipc\ipc.c">
      <Filter>ipc</Filter>
    </ClCompile>
    <ClCompile Include="source\capture.c" />
    <ClCompile Include="source\third_party\nanoprintf.c">
      <Filter>third_party</Filter>
    </ClCompile>
  </ItemGroup>
  <ItemGroup>
    <ClInclude Include="source\grcd.h" />
    <ClInclude Include="source\rtsp\RTP.h">
      <Filter>rtsp</Filter>
    </ClInclude>
    <ClInclude Include="source\rtsp\RTSP.h">
      <Filter>rtsp</Filter>
    </ClInclude>
    <ClInclude Include="source\rtsp\H264Packetizer.h">
      <Filter>rtsp</Filter>
    </ClInclude>
    <ClInclude Include="source\rtsp\LE16Packetizer.h">
      <Filter>rtsp</Filter>
    </ClInclude>
    <ClInclude Include="source\sockUtil.h" />
    <ClInclude Include="source\modes\modes.h">
      <Filter>modes</Filter>
    </ClInclude>
    <ClInclude Include="source\USB\UsbComms.h">
      <Filter>USB</Filter>
    </ClInclude>
    <ClInclude Include="source\USB\Serial.h">
      <Filter>USB</Filter>
    </ClInclude>
    <ClInclude Include="source\modes\defines.h">
      <Filter>modes</Filter>
    </ClInclude>
    <ClInclude Include="source\ipc\ipc.h">
      <Filter>ipc</Filter>
    </ClInclude>
    <ClInclude Include="source\capture.h" />
    <ClInclude Include="source\third_party\nanoprintf.h">
      <Filter>third_party</Filter>
    </ClInclude>
  </ItemGroup>
  <ItemGroup>
    <Filter Include="rtsp">
      <UniqueIdentifier>{20070232-dcc8-443d-9fea-7690d5e1cc99}</UniqueIdentifier>
    </Filter>
    <Filter Include="modes">
      <UniqueIdentifier>{3bfd27c8-b990-4608-aab1-f0a243e14711}</UniqueIdentifier>
    </Filter>
    <Filter Include="USB">
      <UniqueIdentifier>{12be9152-ad50-474d-86b6-f96b11d7b4e4}</UniqueIdentifier>
    </Filter>
    <Filter Include="ipc">
      <UniqueIdentifier>{6e251262-6ebd-49a8-a634-a317bc8d7640}</UniqueIdentifier>
    </Filter>
    <Filter Include="third_party">
      <UniqueIdentifier>{eaca899c-4b27-49c1-8421-26eb10f76723}</UniqueIdentifier>
    </Filter>
  </ItemGroup>
</Project>